
Microsoft Visual Studio Solution File, Format Version 12.00
# Visual Studio Version 17
VisualStudioVersion = 17.12.35707.178
MinimumVisualStudioVersion = 10.0.40219.1
Project("{2150E333-8FDC-42A3-9474-1A3956D46DE8}") = "Aspire", "Aspire", "{C495243C-667A-4007-9445-C65106A17559}"
EndProject
Project("{FAE04EC0-301F-11D3-BF4B-00C04F79EFBC}") = "ServiceDefaults", "Aspire\ServiceDefaults\ServiceDefaults.csproj", "{23709953-E901-49C4-BC1B-FA7781C26BEA}"
EndProject
Project("{FAE04EC0-301F-11D3-BF4B-00C04F79EFBC}") = "AppHost", "Aspire\AppHost\AppHost.csproj", "{06B0DBBD-4534-40AA-88B3-28AC58CFCC2D}"
EndProject
Project("{2150E333-8FDC-42A3-9474-1A3956D46DE8}") = "Services", "Services", "{BED77FB9-B4A9-47CD-8707-15B4EF700EC4}"
EndProject
Project("{FAE04EC0-301F-11D3-BF4B-00C04F79EFBC}") = "Catalog", "Services\Catalog\Catalog.csproj", "{08539019-1051-474B-8C99-887E79968544}"
EndProject
Project("{FAE04EC0-301F-11D3-BF4B-00C04F79EFBC}") = "Basket", "Services\Basket\Basket.csproj", "{E51BA862-9915-43F0-9667-82F7AC3F2B88}"
EndProject
Global
	GlobalSection(SolutionConfigurationPlatforms) = preSolution
		Debug|Any CPU = Debug|Any CPU
		Release|Any CPU = Release|Any CPU
	EndGlobalSection
	GlobalSection(ProjectConfigurationPlatforms) = postSolution
		{23709953-E901-49C4-BC1B-FA7781C26BEA}.Debug|Any CPU.ActiveCfg = Debug|Any CPU
		{23709953-E901-49C4-BC1B-FA7781C26BEA}.Debug|Any CPU.Build.0 = Debug|Any CPU
		{23709953-E901-49C4-BC1B-FA7781C26BEA}.Release|Any CPU.ActiveCfg = Release|Any CPU
		{23709953-E901-49C4-BC1B-FA7781C26BEA}.Release|Any CPU.Build.0 = Release|Any CPU
		{06B0DBBD-4534-40AA-88B3-28AC58CFCC2D}.Debug|Any CPU.ActiveCfg = Debug|Any CPU
		{06B0DBBD-4534-40AA-88B3-28AC58CFCC2D}.Debug|Any CPU.Build.0 = Debug|Any CPU
		{06B0DBBD-4534-40AA-88B3-28AC58CFCC2D}.Release|Any CPU.ActiveCfg = Release|Any CPU
		{06B0DBBD-4534-40AA-88B3-28AC58CFCC2D}.Release|Any CPU.Build.0 = Release|Any CPU
		{08539019-1051-474B-8C99-887E79968544}.Debug|Any CPU.ActiveCfg = Debug|Any CPU
		{08539019-1051-474B-8C99-887E79968544}.Debug|Any CPU.Build.0 = Debug|Any CPU
		{08539019-1051-474B-8C99-887E79968544}.Release|Any CPU.ActiveCfg = Release|Any CPU
		{08539019-1051-474B-8C99-887E79968544}.Release|Any CPU.Build.0 = Release|Any CPU
		{E51BA862-9915-43F0-9667-82F7AC3F2B88}.Debug|Any CPU.ActiveCfg = Debug|Any CPU
		{E51BA862-9915-43F0-9667-82F7AC3F2B88}.Debug|Any CPU.Build.0 = Debug|Any CPU
		{E51BA862-9915-43F0-9667-82F7AC3F2B88}.Release|Any CPU.ActiveCfg = Release|Any CPU
		{E51BA862-9915-43F0-9667-82F7AC3F2B88}.Release|Any CPU.Build.0 = Release|Any CPU
	EndGlobalSection
	GlobalSection(SolutionProperties) = preSolution
		HideSolutionNode = FALSE
	EndGlobalSection
	GlobalSection(NestedProjects) = preSolution
		{23709953-E901-49C4-BC1B-FA7781C26BEA} = {C495243C-667A-4007-9445-C65106A17559}
		{06B0DBBD-4534-40AA-88B3-28AC58CFCC2D} = {C495243C-667A-4007-9445-C65106A17559}
		{08539019-1051-474B-8C99-887E79968544} = {BED77FB9-B4A9-47CD-8707-15B4EF700EC4}
		{E51BA862-9915-43F0-9667-82F7AC3F2B88} = {BED77FB9-B4A9-47CD-8707-15B4EF700EC4}
	EndGlobalSection
EndGlobal
